
Microsoft Visual Studio Solution File, Format Version 12.00
# Visual Studio Version 17
VisualStudioVersion = 17.5.002.0
MinimumVisualStudioVersion = 10.0.40219.1
Project("{9A19103F-16F7-4668-BE54-9A1E7A4F7556}") = "TargetQuestions", "TargetQuestions.csproj", "{7F8668D5-75F8-4D75-A9F5-099D8551FB3C}"
EndProject
Global
	GlobalSection(SolutionConfigurationPlatforms) = preSolution
		Debug|Any CPU = Debug|Any CPU
		Release|Any CPU = Release|Any CPU
	EndGlobalSection
	GlobalSection(ProjectConfigurationPlatforms) = postSolution
		{7F8668D5-75F8-4D75-A9F5-099D8551FB3C}.Debug|Any CPU.ActiveCfg = Debug|Any CPU
		{7F8668D5-75F8-4D75-A9F5-099D8551FB3C}.Debug|Any CPU.Build.0 = Debug|Any CPU
		{7F8668D5-75F8-4D75-A9F5-099D8551FB3C}.Release|Any CPU.ActiveCfg = Release|Any CPU
		{7F8668D5-75F8-4D75-A9F5-099D8551FB3C}.Release|Any CPU.Build.0 = Release|Any CPU
	EndGlobalSection
	GlobalSection(SolutionProperties) = preSolution
		HideSolutionNode = FALSE
	EndGlobalSection
	GlobalSection(ExtensibilityGlobals) = postSolution
		SolutionGuid = {A9EB1FA1-F6B2-4071-841F-CD6DF403526F}
	EndGlobalSection
EndGlobal
